
Microsoft Visual Studio Solution File, Format Version 12.00
# Visual Studio Version 17
VisualStudioVersion = 17.6.33829.357
MinimumVisualStudioVersion = 10.0.40219.1
Project("{9A19103F-16F7-4668-BE54-9A1E7A4F7556}") = "WebApi", "WebApi\WebApi.csproj", "{3256768F-69C3-465F-92E0-D279ECFA76D1}"
EndProject
Project("{9A19103F-16F7-4668-BE54-9A1E7A4F7556}") = "Model", "Model\Model.csproj", "{65A0AB72-CAF6-4583-82E6-77156BA95321}"
EndProject
Project("{9A19103F-16F7-4668-BE54-9A1E7A4F7556}") = "Contract", "Contracts\Contract.csproj", "{2476F24F-93D7-4ABE-9F59-F0758D40256E}"
EndProject
Project("{9A19103F-16F7-4668-BE54-9A1E7A4F7556}") = "Common", "Common\Common.csproj", "{F218E108-5193-455C-955A-BB4C60F35656}"
EndProject
Project("{9A19103F-16F7-4668-BE54-9A1E7A4F7556}") = "Repository", "Repository\Repository.csproj", "{08054A1E-DB03-4851-87C9-73C9C34D8AE0}"
EndProject
Project("{9A19103F-16F7-4668-BE54-9A1E7A4F7556}") = "Service", "Service\Service.csproj", "{034B3445-C829-4A10-B347-D7A81A3546C1}"
EndProject
Project("{E24C65DC-7377-472B-9ABA-BC803B73C61A}") = "apichungtu(1)", "apichungtu\", "{6124EF87-B705-4030-A81A-DD858D4343C4}"
	ProjectSection(WebsiteProperties) = preProject
		TargetFrameworkMoniker = ".NETFramework,Version%3Dv4.8"
		Debug.AspNetCompiler.VirtualPath = "/localhost_56675"
		Debug.AspNetCompiler.PhysicalPath = "apichungtu\"
		Debug.AspNetCompiler.TargetPath = "PrecompiledWeb\localhost_56675\"
		Debug.AspNetCompiler.Updateable = "true"
		Debug.AspNetCompiler.ForceOverwrite = "true"
		Debug.AspNetCompiler.FixedNames = "false"
		Debug.AspNetCompiler.Debug = "True"
		Release.AspNetCompiler.VirtualPath = "/localhost_56675"
		Release.AspNetCompiler.PhysicalPath = "apichungtu\"
		Release.AspNetCompiler.TargetPath = "PrecompiledWeb\localhost_56675\"
		Release.AspNetCompiler.Updateable = "true"
		Release.AspNetCompiler.ForceOverwrite = "true"
		Release.AspNetCompiler.FixedNames = "false"
		Release.AspNetCompiler.Debug = "False"
		VWDPort = "56675"
		SlnRelativePath = "apichungtu\"
	EndProjectSection
EndProject
Global
	GlobalSection(SolutionConfigurationPlatforms) = preSolution
		Debug|Any CPU = Debug|Any CPU
		Release|Any CPU = Release|Any CPU
	EndGlobalSection
	GlobalSection(ProjectConfigurationPlatforms) = postSolution
		{3256768F-69C3-465F-92E0-D279ECFA76D1}.Debug|Any CPU.ActiveCfg = Debug|Any CPU
		{3256768F-69C3-465F-92E0-D279ECFA76D1}.Debug|Any CPU.Build.0 = Debug|Any CPU
		{3256768F-69C3-465F-92E0-D279ECFA76D1}.Release|Any CPU.ActiveCfg = Release|Any CPU
		{3256768F-69C3-465F-92E0-D279ECFA76D1}.Release|Any CPU.Build.0 = Release|Any CPU
		{65A0AB72-CAF6-4583-82E6-77156BA95321}.Debug|Any CPU.ActiveCfg = Debug|Any CPU
		{65A0AB72-CAF6-4583-82E6-77156BA95321}.Debug|Any CPU.Build.0 = Debug|Any CPU
		{65A0AB72-CAF6-4583-82E6-77156BA95321}.Release|Any CPU.ActiveCfg = Release|Any CPU
		{65A0AB72-CAF6-4583-82E6-77156BA95321}.Release|Any CPU.Build.0 = Release|Any CPU
		{2476F24F-93D7-4ABE-9F59-F0758D40256E}.Debug|Any CPU.ActiveCfg = Debug|Any CPU
		{2476F24F-93D7-4ABE-9F59-F0758D40256E}.Debug|Any CPU.Build.0 = Debug|Any CPU
		{2476F24F-93D7-4ABE-9F59-F0758D40256E}.Release|Any CPU.ActiveCfg = Release|Any CPU
		{2476F24F-93D7-4ABE-9F59-F0758D40256E}.Release|Any CPU.Build.0 = Release|Any CPU
		{F218E108-5193-455C-955A-BB4C60F35656}.Debug|Any CPU.ActiveCfg = Debug|Any CPU
		{F218E108-5193-455C-955A-BB4C60F35656}.Debug|Any CPU.Build.0 = Debug|Any CPU
		{F218E108-5193-455C-955A-BB4C60F35656}.Release|Any CPU.ActiveCfg = Release|Any CPU
		{F218E108-5193-455C-955A-BB4C60F35656}.Release|Any CPU.Build.0 = Release|Any CPU
		{08054A1E-DB03-4851-87C9-73C9C34D8AE0}.Debug|Any CPU.ActiveCfg = Debug|Any CPU
		{08054A1E-DB03-4851-87C9-73C9C34D8AE0}.Debug|Any CPU.Build.0 = Debug|Any CPU
		{08054A1E-DB03-4851-87C9-73C9C34D8AE0}.Release|Any CPU.ActiveCfg = Release|Any CPU
		{08054A1E-DB03-4851-87C9-73C9C34D8AE0}.Release|Any CPU.Build.0 = Release|Any CPU
		{034B3445-C829-4A10-B347-D7A81A3546C1}.Debug|Any CPU.ActiveCfg = Debug|Any CPU
		{034B3445-C829-4A10-B347-D7A81A3546C1}.Debug|Any CPU.Build.0 = Debug|Any CPU
		{034B3445-C829-4A10-B347-D7A81A3546C1}.Release|Any CPU.ActiveCfg = Release|Any CPU
		{034B3445-C829-4A10-B347-D7A81A3546C1}.Release|Any CPU.Build.0 = Release|Any CPU
		{6124EF87-B705-4030-A81A-DD858D4343C4}.Debug|Any CPU.ActiveCfg = Debug|Any CPU
		{6124EF87-B705-4030-A81A-DD858D4343C4}.Debug|Any CPU.Build.0 = Debug|Any CPU
		{6124EF87-B705-4030-A81A-DD858D4343C4}.Release|Any CPU.ActiveCfg = Debug|Any CPU
		{6124EF87-B705-4030-A81A-DD858D4343C4}.Release|Any CPU.Build.0 = Debug|Any CPU
	EndGlobalSection
	GlobalSection(SolutionProperties) = preSolution
		HideSolutionNode = FALSE
	EndGlobalSection
	GlobalSection(ExtensibilityGlobals) = postSolution
		SolutionGuid = {28FF87BA-A399-4FA5-8040-AD189A9DBDBE}
	EndGlobalSection
EndGlobal
